// !$*UTF8*$!
{
	archiveVersion = 1;
	classes = {
	};
	objectVersion = 56;
	objects = {

/* Begin PBXBuildFile section */
		08A5E7C7FFE350B654EAFCD0 /* Pods_SportsNewsTests.framework in Frameworks */ = {isa = PBXBuildFile; fileRef = BA9FFFC860E60E04BF4B2615 /* Pods_SportsNewsTests.framework */; };
		7FD267AB50743B0D30F4249F /* Pods_SportsNews.framework in Frameworks */ = {isa = PBXBuildFile; fileRef = 379E6C4BE7A0811913FD871B /* Pods_SportsNews.framework */; };
		8F1D407A2A27AF1900FEB838 /* TeamDetailsPresenter.swift in Sources */ = {isa = PBXBuildFile; fileRef = 8F1D40792A27AF1900FEB838 /* TeamDetailsPresenter.swift */; };
		8F7C8BFC2A26AE8D00E3BF69 /* logo.png in Resources */ = {isa = PBXBuildFile; fileRef = 8F7C8BFB2A26AE8D00E3BF69 /* logo.png */; };
		8F7C8BFE2A26B02500E3BF69 /* CollectionPresenter.swift in Sources */ = {isa = PBXBuildFile; fileRef = 8F7C8BFD2A26B02500E3BF69 /* CollectionPresenter.swift */; };
		8F807E9E2A2194380021FA98 /* TeamDetailsViewController.swift in Sources */ = {isa = PBXBuildFile; fileRef = 8F807E9D2A2194380021FA98 /* TeamDetailsViewController.swift */; };
		8F826D5F2A1EC22100BED4F9 /* LeagueDetails.swift in Sources */ = {isa = PBXBuildFile; fileRef = 8F826D5E2A1EC22100BED4F9 /* LeagueDetails.swift */; };
		8F826D612A1EC67200BED4F9 /* SecViewController.swift in Sources */ = {isa = PBXBuildFile; fileRef = 8F826D602A1EC67200BED4F9 /* SecViewController.swift */; };
		8F826D632A1ECA1600BED4F9 /* FristCollectionViewCell.swift in Sources */ = {isa = PBXBuildFile; fileRef = 8F826D622A1ECA1600BED4F9 /* FristCollectionViewCell.swift */; };
		8F82B0FE2A182B2E00F33E97 /* AppDelegate.swift in Sources */ = {isa = PBXBuildFile; fileRef = 8F82B0FD2A182B2E00F33E97 /* AppDelegate.swift */; };
		8F82B1002A182B2E00F33E97 /* SceneDelegate.swift in Sources */ = {isa = PBXBuildFile; fileRef = 8F82B0FF2A182B2E00F33E97 /* SceneDelegate.swift */; };
		8F82B1022A182B2E00F33E97 /* ViewController.swift in Sources */ = {isa = PBXBuildFile; fileRef = 8F82B1012A182B2E00F33E97 /* ViewController.swift */; };
		8F82B1052A182B2E00F33E97 /* Main.storyboard in Resources */ = {isa = PBXBuildFile; fileRef = 8F82B1032A182B2E00F33E97 /* Main.storyboard */; };
		8F82B1082A182B2F00F33E97 /* SportsNews.xcdatamodeld in Sources */ = {isa = PBXBuildFile; fileRef = 8F82B1062A182B2F00F33E97 /* SportsNews.xcdatamodeld */; };
		8F82B10A2A182B3200F33E97 /* Assets.xcassets in Resources */ = {isa = PBXBuildFile; fileRef = 8F82B1092A182B3200F33E97 /* Assets.xcassets */; };
		8F82B10D2A182B3200F33E97 /* LaunchScreen.storyboard in Resources */ = {isa = PBXBuildFile; fileRef = 8F82B10B2A182B3200F33E97 /* LaunchScreen.storyboard */; };
		8F82B1182A182B3300F33E97 /* SportsNewsTests.swift in Sources */ = {isa = PBXBuildFile; fileRef = 8F82B1172A182B3300F33E97 /* SportsNewsTests.swift */; };
		8F82B1222A182B3300F33E97 /* SportsNewsUITests.swift in Sources */ = {isa = PBXBuildFile; fileRef = 8F82B1212A182B3300F33E97 /* SportsNewsUITests.swift */; };
		8F82B1242A182B3300F33E97 /* SportsNewsUITestsLaunchTests.swift in Sources */ = {isa = PBXBuildFile; fileRef = 8F82B1232A182B3300F33E97 /* SportsNewsUITestsLaunchTests.swift */; };
		8F82B1332A183FC000F33E97 /* CollectionViewCell.swift in Sources */ = {isa = PBXBuildFile; fileRef = 8F82B1322A183FC000F33E97 /* CollectionViewCell.swift */; };
		8F82B1352A183FDD00F33E97 /* CollectionViewController.swift in Sources */ = {isa = PBXBuildFile; fileRef = 8F82B1342A183FDD00F33E97 /* CollectionViewController.swift */; };
		8F82B1372A1841A300F33E97 /* photo1.jpeg in Resources */ = {isa = PBXBuildFile; fileRef = 8F82B1362A1841A300F33E97 /* photo1.jpeg */; };
		8F838E222A236E4C00085FCC /* NetworkingService.swift in Sources */ = {isa = PBXBuildFile; fileRef = 8F838E212A236E4C00085FCC /* NetworkingService.swift */; };
		8F838E242A23713C00085FCC /* LeagueTablePresenter.swift in Sources */ = {isa = PBXBuildFile; fileRef = 8F838E232A23713C00085FCC /* LeagueTablePresenter.swift */; };
		8F838E302A23A1A800085FCC /* LeagueDetailsPresenter.swift in Sources */ = {isa = PBXBuildFile; fileRef = 8F838E2F2A23A1A800085FCC /* LeagueDetailsPresenter.swift */; };
		8F8439342A1E48C700CB5C61 /* football.jpg in Resources */ = {isa = PBXBuildFile; fileRef = 8F8439332A1E48C700CB5C61 /* football.jpg */; };
		8F8439362A1E4A1D00CB5C61 /* basketball.jpg in Resources */ = {isa = PBXBuildFile; fileRef = 8F8439352A1E4A1D00CB5C61 /* basketball.jpg */; };
		8F8439382A1E4BD200CB5C61 /* cricket.jpg in Resources */ = {isa = PBXBuildFile; fileRef = 8F8439372A1E4BD200CB5C61 /* cricket.jpg */; };
		8F84393A2A1E4C8A00CB5C61 /* cricket2.png in Resources */ = {isa = PBXBuildFile; fileRef = 8F8439392A1E4C8900CB5C61 /* cricket2.png */; };
		8F84393C2A1E58BE00CB5C61 /* tennis.jpg in Resources */ = {isa = PBXBuildFile; fileRef = 8F84393B2A1E58BE00CB5C61 /* tennis.jpg */; };
		8F84393E2A1E59A000CB5C61 /* default.jpg in Resources */ = {isa = PBXBuildFile; fileRef = 8F84393D2A1E59A000CB5C61 /* default.jpg */; };
		8F8439402A1E5CB300CB5C61 /* TableViewCell.swift in Sources */ = {isa = PBXBuildFile; fileRef = 8F84393F2A1E5CB300CB5C61 /* TableViewCell.swift */; };
		8F8439422A1E6E7300CB5C61 /* SecCollectionViewController.swift in Sources */ = {isa = PBXBuildFile; fileRef = 8F8439412A1E6E7300CB5C61 /* SecCollectionViewController.swift */; };
		8F853B4E2A1FF2F300E0672C /* SecCollectionViewCell.swift in Sources */ = {isa = PBXBuildFile; fileRef = 8F853B4D2A1FF2F300E0672C /* SecCollectionViewCell.swift */; };
		8F853B502A20261500E0672C /* ThirdCollectionViewCell.swift in Sources */ = {isa = PBXBuildFile; fileRef = 8F853B4F2A20261500E0672C /* ThirdCollectionViewCell.swift */; };
		8F8935D92A22B7EF00E4CD64 /* TeamCollectionViewCell.swift in Sources */ = {isa = PBXBuildFile; fileRef = 8F8935D82A22B7EF00E4CD64 /* TeamCollectionViewCell.swift */; };
		8FCEC5EA2A1AE7AC009569F4 /* LeagueTableViewController.swift in Sources */ = {isa = PBXBuildFile; fileRef = 8FCEC5E92A1AE7AC009569F4 /* LeagueTableViewController.swift */; };
		8FCEC5EC2A1AEA72009569F4 /* League.swift in Sources */ = {isa = PBXBuildFile; fileRef = 8FCEC5EB2A1AEA72009569F4 /* League.swift */; };
		9A219F10DA8A4069116B0517 /* Pods_SportsNews_SportsNewsUITests.framework in Frameworks */ = {isa = PBXBuildFile; fileRef = AD2D8C42F9627E19901A217B /* Pods_SportsNews_SportsNewsUITests.framework */; };
/* End PBXBuildFile section */

/* Begin PBXContainerItemProxy section */
		8F82B1142A182B3300F33E97 /* PBXContainerItemProxy */ = {
			isa = PBXContainerItemProxy;
			containerPortal = 8F82B0F22A182B2E00F33E97 /* Project object */;
			proxyType = 1;
			remoteGlobalIDString = 8F82B0F92A182B2E00F33E97;
			remoteInfo = SportsNews;
		};
		8F82B11E2A182B3300F33E97 /* PBXContainerItemProxy */ = {
			isa = PBXContainerItemProxy;
			containerPortal = 8F82B0F22A182B2E00F33E97 /* Project object */;
			proxyType = 1;
			remoteGlobalIDString = 8F82B0F92A182B2E00F33E97;
			remoteInfo = SportsNews;
		};
/* End PBXContainerItemProxy section */

/* Begin PBXFileReference section */
		04F0E1A8EC05D8621B9CDBB3 /* Pods-SportsNews.debug.xcconfig */ = {isa = PBXFileReference; includeInIndex = 1; lastKnownFileType = text.xcconfig; name = "Pods-SportsNews.debug.xcconfig"; path = "Target Support Files/Pods-SportsNews/Pods-SportsNews.debug.xcconfig"; sourceTree = "<group>"; };
		0E4F2A0950B786E56168E48E /* Pods-SportsNewsTests.release.xcconfig */ = {isa = PBXFileReference; includeInIndex = 1; lastKnownFileType = text.xcconfig; name = "Pods-SportsNewsTests.release.xcconfig"; path = "Target Support Files/Pods-SportsNewsTests/Pods-SportsNewsTests.release.xcconfig"; sourceTree = "<group>"; };
		2FF7EF7013F73236F38E4753 /* Pods-SportsNews-SportsNewsUITests.debug.xcconfig */ = {isa = PBXFileReference; includeInIndex = 1; lastKnownFileType = text.xcconfig; name = "Pods-SportsNews-SportsNewsUITests.debug.xcconfig"; path = "Target Support Files/Pods-SportsNews-SportsNewsUITests/Pods-SportsNews-SportsNewsUITests.debug.xcconfig"; sourceTree = "<group>"; };
		379E6C4BE7A0811913FD871B /* Pods_SportsNews.framework */ = {isa = PBXFileReference; explicitFileType = wrapper.framework; includeInIndex = 0; path = Pods_SportsNews.framework; sourceTree = BUILT_PRODUCTS_DIR; };
		3F9C1B373B861AE2A2B8B4B1 /* Pods-SportsNews.release.xcconfig */ = {isa = PBXFileReference; includeInIndex = 1; lastKnownFileType = text.xcconfig; name = "Pods-SportsNews.release.xcconfig"; path = "Target Support Files/Pods-SportsNews/Pods-SportsNews.release.xcconfig"; sourceTree = "<group>"; };
		6339870838EED71A9513E641 /* Pods-SportsNews-SportsNewsUITests.release.xcconfig */ = {isa = PBXFileReference; includeInIndex = 1; lastKnownFileType = text.xcconfig; name = "Pods-SportsNews-SportsNewsUITests.release.xcconfig"; path = "Target Support Files/Pods-SportsNews-SportsNewsUITests/Pods-SportsNews-SportsNewsUITests.release.xcconfig"; sourceTree = "<group>"; };
		8F1D40792A27AF1900FEB838 /* TeamDetailsPresenter.swift */ = {isa = PBXFileReference; lastKnownFileType = sourcecode.swift; path = TeamDetailsPresenter.swift; sourceTree = "<group>"; };
		8F7C8BFB2A26AE8D00E3BF69 /* logo.png */ = {isa = PBXFileReference; lastKnownFileType = image.png; path = logo.png; sourceTree = "<group>"; };
		8F7C8BFD2A26B02500E3BF69 /* CollectionPresenter.swift */ = {isa = PBXFileReference; lastKnownFileType = sourcecode.swift; path = CollectionPresenter.swift; sourceTree = "<group>"; };
		8F807E9D2A2194380021FA98 /* TeamDetailsViewController.swift */ = {isa = PBXFileReference; lastKnownFileType = sourcecode.swift; path = TeamDetailsViewController.swift; sourceTree = "<group>"; };
		8F826D5E2A1EC22100BED4F9 /* LeagueDetails.swift */ = {isa = PBXFileReference; lastKnownFileType = sourcecode.swift; path = LeagueDetails.swift; sourceTree = "<group>"; };
		8F826D602A1EC67200BED4F9 /* SecViewController.swift */ = {isa = PBXFileReference; lastKnownFileType = sourcecode.swift; path = SecViewController.swift; sourceTree = "<group>"; };
		8F826D622A1ECA1600BED4F9 /* FristCollectionViewCell.swift */ = {isa = PBXFileReference; lastKnownFileType = sourcecode.swift; path = FristCollectionViewCell.swift; sourceTree = "<group>"; };
		8F82B0FA2A182B2E00F33E97 /* SportsNews.app */ = {isa = PBXFileReference; explicitFileType = wrapper.application; includeInIndex = 0; path = SportsNews.app; sourceTree = BUILT_PRODUCTS_DIR; };
		8F82B0FD2A182B2E00F33E97 /* AppDelegate.swift */ = {isa = PBXFileReference; lastKnownFileType = sourcecode.swift; path = AppDelegate.swift; sourceTree = "<group>"; };
		8F82B0FF2A182B2E00F33E97 /* SceneDelegate.swift */ = {isa = PBXFileReference; lastKnownFileType = sourcecode.swift; path = SceneDelegate.swift; sourceTree = "<group>"; };
		8F82B1012A182B2E00F33E97 /* ViewController.swift */ = {isa = PBXFileReference; lastKnownFileType = sourcecode.swift; path = ViewController.swift; sourceTree = "<group>"; };
		8F82B1042A182B2E00F33E97 /* Base */ = {isa = PBXFileReference; lastKnownFileType = file.storyboard; name = Base; path = Base.lproj/Main.storyboard; sourceTree = "<group>"; };
		8F82B1072A182B2F00F33E97 /* SportsNews.xcdatamodel */ = {isa = PBXFileReference; lastKnownFileType = wrapper.xcdatamodel; path = SportsNews.xcdatamodel; sourceTree = "<group>"; };
		8F82B1092A182B3200F33E97 /* Assets.xcassets */ = {isa = PBXFileReference; lastKnownFileType = folder.assetcatalog; path = Assets.xcassets; sourceTree = "<group>"; };
		8F82B10C2A182B3200F33E97 /* Base */ = {isa = PBXFileReference; lastKnownFileType = file.storyboard; name = Base; path = Base.lproj/LaunchScreen.storyboard; sourceTree = "<group>"; };
		8F82B10E2A182B3200F33E97 /* Info.plist */ = {isa = PBXFileReference; lastKnownFileType = text.plist.xml; path = Info.plist; sourceTree = "<group>"; };
		8F82B1132A182B3300F33E97 /* SportsNewsTests.xctest */ = {isa = PBXFileReference; explicitFileType = wrapper.cfbundle; includeInIndex = 0; path = SportsNewsTests.xctest; sourceTree = BUILT_PRODUCTS_DIR; };
		8F82B1172A182B3300F33E97 /* SportsNewsTests.swift */ = {isa = PBXFileReference; lastKnownFileType = sourcecode.swift; path = SportsNewsTests.swift; sourceTree = "<group>"; };
		8F82B11D2A182B3300F33E97 /* SportsNewsUITests.xctest */ = {isa = PBXFileReference; explicitFileType = wrapper.cfbundle; includeInIndex = 0; path = SportsNewsUITests.xctest; sourceTree = BUILT_PRODUCTS_DIR; };
		8F82B1212A182B3300F33E97 /* SportsNewsUITests.swift */ = {isa = PBXFileReference; lastKnownFileType = sourcecode.swift; path = SportsNewsUITests.swift; sourceTree = "<group>"; };
		8F82B1232A182B3300F33E97 /* SportsNewsUITestsLaunchTests.swift */ = {isa = PBXFileReference; lastKnownFileType = sourcecode.swift; path = SportsNewsUITestsLaunchTests.swift; sourceTree = "<group>"; };
		8F82B1322A183FC000F33E97 /* CollectionViewCell.swift */ = {isa = PBXFileReference; lastKnownFileType = sourcecode.swift; path = CollectionViewCell.swift; sourceTree = "<group>"; };
		8F82B1342A183FDD00F33E97 /* CollectionViewController.swift */ = {isa = PBXFileReference; lastKnownFileType = sourcecode.swift; path = CollectionViewController.swift; sourceTree = "<group>"; };
		8F82B1362A1841A300F33E97 /* photo1.jpeg */ = {isa = PBXFileReference; lastKnownFileType = image.jpeg; path = photo1.jpeg; sourceTree = "<group>"; };
		8F838E212A236E4C00085FCC /* NetworkingService.swift */ = {isa = PBXFileReference; lastKnownFileType = sourcecode.swift; path = NetworkingService.swift; sourceTree = "<group>"; };
		8F838E232A23713C00085FCC /* LeagueTablePresenter.swift */ = {isa = PBXFileReference; lastKnownFileType = sourcecode.swift; path = LeagueTablePresenter.swift; sourceTree = "<group>"; };
		8F838E2F2A23A1A800085FCC /* LeagueDetailsPresenter.swift */ = {isa = PBXFileReference; lastKnownFileType = sourcecode.swift; path = LeagueDetailsPresenter.swift; sourceTree = "<group>"; };
		8F8439332A1E48C700CB5C61 /* football.jpg */ = {isa = PBXFileReference; lastKnownFileType = image.jpeg; path = football.jpg; sourceTree = "<group>"; };
		8F8439352A1E4A1D00CB5C61 /* basketball.jpg */ = {isa = PBXFileReference; lastKnownFileType = image.jpeg; path = basketball.jpg; sourceTree = "<group>"; };
		8F8439372A1E4BD200CB5C61 /* cricket.jpg */ = {isa = PBXFileReference; lastKnownFileType = image.jpeg; path = cricket.jpg; sourceTree = "<group>"; };
		8F8439392A1E4C8900CB5C61 /* cricket2.png */ = {isa = PBXFileReference; lastKnownFileType = image.png; path = cricket2.png; sourceTree = "<group>"; };
		8F84393B2A1E58BE00CB5C61 /* tennis.jpg */ = {isa = PBXFileReference; lastKnownFileType = image.jpeg; path = tennis.jpg; sourceTree = "<group>"; };
		8F84393D2A1E59A000CB5C61 /* default.jpg */ = {isa = PBXFileReference; lastKnownFileType = image.jpeg; path = default.jpg; sourceTree = "<group>"; };
		8F84393F2A1E5CB300CB5C61 /* TableViewCell.swift */ = {isa = PBXFileReference; lastKnownFileType = sourcecode.swift; path = TableViewCell.swift; sourceTree = "<group>"; };
		8F8439412A1E6E7300CB5C61 /* SecCollectionViewController.swift */ = {isa = PBXFileReference; lastKnownFileType = sourcecode.swift; path = SecCollectionViewController.swift; sourceTree = "<group>"; };
		8F853B4D2A1FF2F300E0672C /* SecCollectionViewCell.swift */ = {isa = PBXFileReference; lastKnownFileType = sourcecode.swift; path = SecCollectionViewCell.swift; sourceTree = "<group>"; };
		8F853B4F2A20261500E0672C /* ThirdCollectionViewCell.swift */ = {isa = PBXFileReference; lastKnownFileType = sourcecode.swift; path = ThirdCollectionViewCell.swift; sourceTree = "<group>"; };
		8F8935D82A22B7EF00E4CD64 /* TeamCollectionViewCell.swift */ = {isa = PBXFileReference; lastKnownFileType = sourcecode.swift; path = TeamCollectionViewCell.swift; sourceTree = "<group>"; };
		8FCEC5E92A1AE7AC009569F4 /* LeagueTableViewController.swift */ = {isa = PBXFileReference; lastKnownFileType = sourcecode.swift; path = LeagueTableViewController.swift; sourceTree = "<group>"; };
		8FCEC5EB2A1AEA72009569F4 /* League.swift */ = {isa = PBXFileReference; lastKnownFileType = sourcecode.swift; path = League.swift; sourceTree = "<group>"; };
		AD2D8C42F9627E19901A217B /* Pods_SportsNews_SportsNewsUITests.framework */ = {isa = PBXFileReference; explicitFileType = wrapper.framework; includeInIndex = 0; path = Pods_SportsNews_SportsNewsUITests.framework; sourceTree = BUILT_PRODUCTS_DIR; };
		BA9FFFC860E60E04BF4B2615 /* Pods_SportsNewsTests.framework */ = {isa = PBXFileReference; explicitFileType = wrapper.framework; includeInIndex = 0; path = Pods_SportsNewsTests.framework; sourceTree = BUILT_PRODUCTS_DIR; };
		D63B08266D59130AD90D8376 /* Pods-SportsNewsTests.debug.xcconfig */ = {isa = PBXFileReference; includeInIndex = 1; lastKnownFileType = text.xcconfig; name = "Pods-SportsNewsTests.debug.xcconfig"; path = "Target Support Files/Pods-SportsNewsTests/Pods-SportsNewsTests.debug.xcconfig"; sourceTree = "<group>"; };
/* End PBXFileReference section */

/* Begin PBXFrameworksBuildPhase section */
		8F82B0F72A182B2E00F33E97 /* Frameworks */ = {
			isa = PBXFrameworksBuildPhase;
			buildActionMask = 2147483647;
			files = (
				7FD267AB50743B0D30F4249F /* Pods_SportsNews.framework in Frameworks */,
			);
			runOnlyForDeploymentPostprocessing = 0;
		};
		8F82B1102A182B3300F33E97 /* Frameworks */ = {
			isa = PBXFrameworksBuildPhase;
			buildActionMask = 2147483647;
			files = (
				08A5E7C7FFE350B654EAFCD0 /* Pods_SportsNewsTests.framework in Frameworks */,
			);
			runOnlyForDeploymentPostprocessing = 0;
		};
		8F82B11A2A182B3300F33E97 /* Frameworks */ = {
			isa = PBXFrameworksBuildPhase;
			buildActionMask = 2147483647;
			files = (
				9A219F10DA8A4069116B0517 /* Pods_SportsNews_SportsNewsUITests.framework in Frameworks */,
			);
			runOnlyForDeploymentPostprocessing = 0;
		};
/* End PBXFrameworksBuildPhase section */

/* Begin PBXGroup section */
		331A2B9A66B51F015CC18976 /* Pods */ = {
			isa = PBXGroup;
			children = (
				04F0E1A8EC05D8621B9CDBB3 /* Pods-SportsNews.debug.xcconfig */,
				3F9C1B373B861AE2A2B8B4B1 /* Pods-SportsNews.release.xcconfig */,
				2FF7EF7013F73236F38E4753 /* Pods-SportsNews-SportsNewsUITests.debug.xcconfig */,
				6339870838EED71A9513E641 /* Pods-SportsNews-SportsNewsUITests.release.xcconfig */,
				D63B08266D59130AD90D8376 /* Pods-SportsNewsTests.debug.xcconfig */,
				0E4F2A0950B786E56168E48E /* Pods-SportsNewsTests.release.xcconfig */,
			);
			path = Pods;
			sourceTree = "<group>";
		};
		70E40458C8192AD269ED2323 /* Frameworks */ = {
			isa = PBXGroup;
			children = (
				379E6C4BE7A0811913FD871B /* Pods_SportsNews.framework */,
				AD2D8C42F9627E19901A217B /* Pods_SportsNews_SportsNewsUITests.framework */,
				BA9FFFC860E60E04BF4B2615 /* Pods_SportsNewsTests.framework */,
			);
			name = Frameworks;
			sourceTree = "<group>";
		};
		8F807E882A2184E80021FA98 /* Resources */ = {
			isa = PBXGroup;
			children = (
				8F7C8BFB2A26AE8D00E3BF69 /* logo.png */,
				8F84393B2A1E58BE00CB5C61 /* tennis.jpg */,
				8F8439392A1E4C8900CB5C61 /* cricket2.png */,
				8F8439372A1E4BD200CB5C61 /* cricket.jpg */,
				8F8439352A1E4A1D00CB5C61 /* basketball.jpg */,
				8F8439332A1E48C700CB5C61 /* football.jpg */,
				8F82B1362A1841A300F33E97 /* photo1.jpeg */,
				8F84393D2A1E59A000CB5C61 /* default.jpg */,
				8F82B1092A182B3200F33E97 /* Assets.xcassets */,
			);
			path = Resources;
			sourceTree = "<group>";
		};
		8F807E892A2185600021FA98 /* View */ = {
			isa = PBXGroup;
			children = (
				8F82B1032A182B2E00F33E97 /* Main.storyboard */,
				8F82B10B2A182B3200F33E97 /* LaunchScreen.storyboard */,
			);
			path = View;
			sourceTree = "<group>";
		};
		8F807E8A2A2185FA0021FA98 /* Services */ = {
			isa = PBXGroup;
			children = (
				8F807E8B2A2186210021FA98 /* Networking */,
			);
			path = Services;
			sourceTree = "<group>";
		};
		8F807E8B2A2186210021FA98 /* Networking */ = {
			isa = PBXGroup;
			children = (
				8F838E212A236E4C00085FCC /* NetworkingService.swift */,
			);
			path = Networking;
			sourceTree = "<group>";
		};
		8F807E8C2A21866E0021FA98 /* Modules */ = {
			isa = PBXGroup;
			children = (
				8F807E9A2A2193A60021FA98 /* TeamDetails */,
				8F807E972A21890C0021FA98 /* Favorite */,
				8F807E942A2187B00021FA98 /* LeagueDetails */,
				8F807E912A2187590021FA98 /* AllLeagues */,
				8F807E8E2A2186E50021FA98 /* Home */,
			);
			path = Modules;
			sourceTree = "<group>";
		};
		8F807E8D2A2186940021FA98 /* Model */ = {
			isa = PBXGroup;
			children = (
				8F826D5E2A1EC22100BED4F9 /* LeagueDetails.swift */,
				8FCEC5EB2A1AEA72009569F4 /* League.swift */,
			);
			path = Model;
			sourceTree = "<group>";
		};
		8F807E8E2A2186E50021FA98 /* Home */ = {
			isa = PBXGroup;
			children = (
				8F807E902A2187020021FA98 /* presenter */,
				8F807E8F2A2186F40021FA98 /* view */,
			);
			path = Home;
			sourceTree = "<group>";
		};
		8F807E8F2A2186F40021FA98 /* view */ = {
			isa = PBXGroup;
			children = (
				8F82B1322A183FC000F33E97 /* CollectionViewCell.swift */,
				8F82B1342A183FDD00F33E97 /* CollectionViewController.swift */,
			);
			path = view;
			sourceTree = "<group>";
		};
		8F807E902A2187020021FA98 /* presenter */ = {
			isa = PBXGroup;
			children = (
				8F7C8BFD2A26B02500E3BF69 /* CollectionPresenter.swift */,
			);
			path = presenter;
			sourceTree = "<group>";
		};
		8F807E912A2187590021FA98 /* AllLeagues */ = {
			isa = PBXGroup;
			children = (
				8F807E932A21877F0021FA98 /* presenter */,
				8F807E922A2187770021FA98 /* view */,
			);
			path = AllLeagues;
			sourceTree = "<group>";
		};
		8F807E922A2187770021FA98 /* view */ = {
			isa = PBXGroup;
			children = (
				8FCEC5E92A1AE7AC009569F4 /* LeagueTableViewController.swift */,
				8F84393F2A1E5CB300CB5C61 /* TableViewCell.swift */,
			);
			path = view;
			sourceTree = "<group>";
		};
		8F807E932A21877F0021FA98 /* presenter */ = {
			isa = PBXGroup;
			children = (
				8F838E232A23713C00085FCC /* LeagueTablePresenter.swift */,
			);
			path = presenter;
			sourceTree = "<group>";
		};
		8F807E942A2187B00021FA98 /* LeagueDetails */ = {
			isa = PBXGroup;
			children = (
				8F807E962A2187D10021FA98 /* presenter */,
				8F807E952A2187C90021FA98 /* view */,
			);
			path = LeagueDetails;
			sourceTree = "<group>";
		};
		8F807E952A2187C90021FA98 /* view */ = {
			isa = PBXGroup;
			children = (
				8F826D602A1EC67200BED4F9 /* SecViewController.swift */,
				8F826D622A1ECA1600BED4F9 /* FristCollectionViewCell.swift */,
				8F853B4D2A1FF2F300E0672C /* SecCollectionViewCell.swift */,
				8F853B4F2A20261500E0672C /* ThirdCollectionViewCell.swift */,
			);
			path = view;
			sourceTree = "<group>";
		};
		8F807E962A2187D10021FA98 /* presenter */ = {
			isa = PBXGroup;
			children = (
				8F838E2F2A23A1A800085FCC /* LeagueDetailsPresenter.swift */,
			);
			path = presenter;
			sourceTree = "<group>";
		};
		8F807E972A21890C0021FA98 /* Favorite */ = {
			isa = PBXGroup;
			children = (
				8F807E992A21893A0021FA98 /* presenter */,
				8F807E982A21892D0021FA98 /* view */,
			);
			path = Favorite;
			sourceTree = "<group>";
		};
		8F807E982A21892D0021FA98 /* view */ = {
			isa = PBXGroup;
			children = (
				8F82B1012A182B2E00F33E97 /* ViewController.swift */,
			);
			path = view;
			sourceTree = "<group>";
		};
		8F807E992A21893A0021FA98 /* presenter */ = {
			isa = PBXGroup;
			children = (
			);
			path = presenter;
			sourceTree = "<group>";
		};
		8F807E9A2A2193A60021FA98 /* TeamDetails */ = {
			isa = PBXGroup;
			children = (
				8F807E9C2A2193ED0021FA98 /* presenter */,
				8F807E9B2A2193E40021FA98 /* view */,
			);
			path = TeamDetails;
			sourceTree = "<group>";
		};
		8F807E9B2A2193E40021FA98 /* view */ = {
			isa = PBXGroup;
			children = (
				8F807E9D2A2194380021FA98 /* TeamDetailsViewController.swift */,
				8F8935D82A22B7EF00E4CD64 /* TeamCollectionViewCell.swift */,
			);
			path = view;
			sourceTree = "<group>";
		};
		8F807E9C2A2193ED0021FA98 /* presenter */ = {
			isa = PBXGroup;
			children = (
				8F1D40792A27AF1900FEB838 /* TeamDetailsPresenter.swift */,
			);
			path = presenter;
			sourceTree = "<group>";
		};
		8F82B0F12A182B2E00F33E97 = {
			isa = PBXGroup;
			children = (
				8F82B0FC2A182B2E00F33E97 /* SportsNews */,
				8F82B1162A182B3300F33E97 /* SportsNewsTests */,
				8F82B1202A182B3300F33E97 /* SportsNewsUITests */,
				8F82B0FB2A182B2E00F33E97 /* Products */,
				331A2B9A66B51F015CC18976 /* Pods */,
				70E40458C8192AD269ED2323 /* Frameworks */,
			);
			sourceTree = "<group>";
		};
		8F82B0FB2A182B2E00F33E97 /* Products */ = {
			isa = PBXGroup;
			children = (
				8F82B0FA2A182B2E00F33E97 /* SportsNews.app */,
				8F82B1132A182B3300F33E97 /* SportsNewsTests.xctest */,
				8F82B11D2A182B3300F33E97 /* SportsNewsUITests.xctest */,
			);
			name = Products;
			sourceTree = "<group>";
		};
		8F82B0FC2A182B2E00F33E97 /* SportsNews */ = {
			isa = PBXGroup;
			children = (
				8F807E8D2A2186940021FA98 /* Model */,
				8F807E8C2A21866E0021FA98 /* Modules */,
				8F807E8A2A2185FA0021FA98 /* Services */,
				8F807E892A2185600021FA98 /* View */,
				8F807E882A2184E80021FA98 /* Resources */,
				8F82B0FD2A182B2E00F33E97 /* AppDelegate.swift */,
				8F82B0FF2A182B2E00F33E97 /* SceneDelegate.swift */,
				8F82B10E2A182B3200F33E97 /* Info.plist */,
				8F82B1062A182B2F00F33E97 /* SportsNews.xcdatamodeld */,
				8F8439412A1E6E7300CB5C61 /* SecCollectionViewController.swift */,
			);
			path = SportsNews;
			sourceTree = "<group>";
		};
		8F82B1162A182B3300F33E97 /* SportsNewsTests */ = {
			isa = PBXGroup;
			children = (
				8F82B1172A182B3300F33E97 /* SportsNewsTests.swift */,
			);
			path = SportsNewsTests;
			sourceTree = "<group>";
		};
		8F82B1202A182B3300F33E97 /* SportsNewsUITests */ = {
			isa = PBXGroup;
			children = (
				8F82B1212A182B3300F33E97 /* SportsNewsUITests.swift */,
				8F82B1232A182B3300F33E97 /* SportsNewsUITestsLaunchTests.swift */,
			);
			path = SportsNewsUITests;
			sourceTree = "<group>";
		};
/* End PBXGroup section */

/* Begin PBXNativeTarget section */
		8F82B0F92A182B2E00F33E97 /* SportsNews */ = {
			isa = PBXNativeTarget;
			buildConfigurationList = 8F82B1272A182B3300F33E97 /* Build configuration list for PBXNativeTarget "SportsNews" */;
			buildPhases = (
				E35B47D839A5C8B4619695BF /* [CP] Check Pods Manifest.lock */,
				8F82B0F62A182B2E00F33E97 /* Sources */,
				8F82B0F72A182B2E00F33E97 /* Frameworks */,
				8F82B0F82A182B2E00F33E97 /* Resources */,
				356FF8B9EB4F163C85A15BCA /* [CP] Embed Pods Frameworks */,
			);
			buildRules = (
			);
			dependencies = (
			);
			name = SportsNews;
			productName = SportsNews;
			productReference = 8F82B0FA2A182B2E00F33E97 /* SportsNews.app */;
			productType = "com.apple.product-type.application";
		};
		8F82B1122A182B3300F33E97 /* SportsNewsTests */ = {
			isa = PBXNativeTarget;
			buildConfigurationList = 8F82B12A2A182B3300F33E97 /* Build configuration list for PBXNativeTarget "SportsNewsTests" */;
			buildPhases = (
				8DB11219FE373E7342C6B7CC /* [CP] Check Pods Manifest.lock */,
				8F82B10F2A182B3300F33E97 /* Sources */,
				8F82B1102A182B3300F33E97 /* Frameworks */,
				8F82B1112A182B3300F33E97 /* Resources */,
			);
			buildRules = (
			);
			dependencies = (
				8F82B1152A182B3300F33E97 /* PBXTargetDependency */,
			);
			name = SportsNewsTests;
			productName = SportsNewsTests;
			productReference = 8F82B1132A182B3300F33E97 /* SportsNewsTests.xctest */;
			productType = "com.apple.product-type.bundle.unit-test";
		};
		8F82B11C2A182B3300F33E97 /* SportsNewsUITests */ = {
			isa = PBXNativeTarget;
			buildConfigurationList = 8F82B12D2A182B3300F33E97 /* Build configuration list for PBXNativeTarget "SportsNewsUITests" */;
			buildPhases = (
				A74EC691DE98D2A153A35D2C /* [CP] Check Pods Manifest.lock */,
				8F82B1192A182B3300F33E97 /* Sources */,
				8F82B11A2A182B3300F33E97 /* Frameworks */,
				8F82B11B2A182B3300F33E97 /* Resources */,
				934A49D52065D2FFA3D481FD /* [CP] Embed Pods Frameworks */,
			);
			buildRules = (
			);
			dependencies = (
				8F82B11F2A182B3300F33E97 /* PBXTargetDependency */,
			);
			name = SportsNewsUITests;
			productName = SportsNewsUITests;
			productReference = 8F82B11D2A182B3300F33E97 /* SportsNewsUITests.xctest */;
			productType = "com.apple.product-type.bundle.ui-testing";
		};
/* End PBXNativeTarget section */

/* Begin PBXProject section */
		8F82B0F22A182B2E00F33E97 /* Project object */ = {
			isa = PBXProject;
			attributes = {
				BuildIndependentTargetsInParallel = 1;
				LastSwiftUpdateCheck = 1430;
				LastUpgradeCheck = 1430;
				TargetAttributes = {
					8F82B0F92A182B2E00F33E97 = {
						CreatedOnToolsVersion = 14.3;
					};
					8F82B1122A182B3300F33E97 = {
						CreatedOnToolsVersion = 14.3;
						TestTargetID = 8F82B0F92A182B2E00F33E97;
					};
					8F82B11C2A182B3300F33E97 = {
						CreatedOnToolsVersion = 14.3;
						TestTargetID = 8F82B0F92A182B2E00F33E97;
					};
				};
			};
			buildConfigurationList = 8F82B0F52A182B2E00F33E97 /* Build configuration list for PBXProject "SportsNews" */;
			compatibilityVersion = "Xcode 14.0";
			developmentRegion = en;
			hasScannedForEncodings = 0;
			knownRegions = (
				en,
				Base,
			);
			mainGroup = 8F82B0F12A182B2E00F33E97;
			productRefGroup = 8F82B0FB2A182B2E00F33E97 /* Products */;
			projectDirPath = "";
			projectRoot = "";
			targets = (
				8F82B0F92A182B2E00F33E97 /* SportsNews */,
				8F82B1122A182B3300F33E97 /* SportsNewsTests */,
				8F82B11C2A182B3300F33E97 /* SportsNewsUITests */,
			);
		};
/* End PBXProject section */

/* Begin PBXResourcesBuildPhase section */
		8F82B0F82A182B2E00F33E97 /* Resources */ = {
			isa = PBXResourcesBuildPhase;
			buildActionMask = 2147483647;
			files = (
				8F8439362A1E4A1D00CB5C61 /* basketball.jpg in Resources */,
				8F8439382A1E4BD200CB5C61 /* cricket.jpg in Resources */,
				8F7C8BFC2A26AE8D00E3BF69 /* logo.png in Resources */,
				8F8439342A1E48C700CB5C61 /* football.jpg in Resources */,
				8F84393C2A1E58BE00CB5C61 /* tennis.jpg in Resources */,
				8F82B10D2A182B3200F33E97 /* LaunchScreen.storyboard in Resources */,
				8F82B10A2A182B3200F33E97 /* Assets.xcassets in Resources */,
				8F82B1372A1841A300F33E97 /* photo1.jpeg in Resources */,
				8F84393A2A1E4C8A00CB5C61 /* cricket2.png in Resources */,
				8F82B1052A182B2E00F33E97 /* Main.storyboard in Resources */,
				8F84393E2A1E59A000CB5C61 /* default.jpg in Resources */,
			);
			runOnlyForDeploymentPostprocessing = 0;
		};
		8F82B1112A182B3300F33E97 /* Resources */ = {
			isa = PBXResourcesBuildPhase;
			buildActionMask = 2147483647;
			files = (
			);
			runOnlyForDeploymentPostprocessing = 0;
		};
		8F82B11B2A182B3300F33E97 /* Resources */ = {
			isa = PBXResourcesBuildPhase;
			buildActionMask = 2147483647;
			files = (
			);
			runOnlyForDeploymentPostprocessing = 0;
		};
/* End PBXResourcesBuildPhase section */

/* Begin PBXShellScriptBuildPhase section */
		356FF8B9EB4F163C85A15BCA /* [CP] Embed Pods Frameworks */ = {
			isa = PBXShellScriptBuildPhase;
			buildActionMask = 2147483647;
			files = (
			);
			inputFileListPaths = (
				"${PODS_ROOT}/Target Support Files/Pods-SportsNews/Pods-SportsNews-frameworks-${CONFIGURATION}-input-files.xcfilelist",
			);
			name = "[CP] Embed Pods Frameworks";
			outputFileListPaths = (
				"${PODS_ROOT}/Target Support Files/Pods-SportsNews/Pods-SportsNews-frameworks-${CONFIGURATION}-output-files.xcfilelist",
			);
			runOnlyForDeploymentPostprocessing = 0;
			shellPath = /bin/sh;
			shellScript = "\"${PODS_ROOT}/Target Support Files/Pods-SportsNews/Pods-SportsNews-frameworks.sh\"\n";
			showEnvVarsInLog = 0;
		};
		8DB11219FE373E7342C6B7CC /* [CP] Check Pods Manifest.lock */ = {
			isa = PBXShellScriptBuildPhase;
			buildActionMask = 2147483647;
			files = (
			);
			inputFileListPaths = (
			);
			inputPaths = (
				"${PODS_PODFILE_DIR_PATH}/Podfile.lock",
				"${PODS_ROOT}/Manifest.lock",
			);
			name = "[CP] Check Pods Manifest.lock";
			outputFileListPaths = (
			);
			outputPaths = (
				"$(DERIVED_FILE_DIR)/Pods-SportsNewsTests-checkManifestLockResult.txt",
			);
			runOnlyForDeploymentPostprocessing = 0;
			shellPath = /bin/sh;
			shellScript = "diff \"${PODS_PODFILE_DIR_PATH}/Podfile.lock\" \"${PODS_ROOT}/Manifest.lock\" > /dev/null\nif [ $? != 0 ] ; then\n    # print error to STDERR\n    echo \"error: The sandbox is not in sync with the Podfile.lock. Run 'pod install' or update your CocoaPods installation.\" >&2\n    exit 1\nfi\n# This output is used by Xcode 'outputs' to avoid re-running this script phase.\necho \"SUCCESS\" > \"${SCRIPT_OUTPUT_FILE_0}\"\n";
			showEnvVarsInLog = 0;
		};
		934A49D52065D2FFA3D481FD /* [CP] Embed Pods Frameworks */ = {
			isa = PBXShellScriptBuildPhase;
			buildActionMask = 2147483647;
			files = (
			);
			inputFileListPaths = (
				"${PODS_ROOT}/Target Support Files/Pods-SportsNews-SportsNewsUITests/Pods-SportsNews-SportsNewsUITests-frameworks-${CONFIGURATION}-input-files.xcfilelist",
			);
			name = "[CP] Embed Pods Frameworks";
			outputFileListPaths = (
				"${PODS_ROOT}/Target Support Files/Pods-SportsNews-SportsNewsUITests/Pods-SportsNews-SportsNewsUITests-frameworks-${CONFIGURATION}-output-files.xcfilelist",
			);
			runOnlyForDeploymentPostprocessing = 0;
			shellPath = /bin/sh;
			shellScript = "\"${PODS_ROOT}/Target Support Files/Pods-SportsNews-SportsNewsUITests/Pods-SportsNews-SportsNewsUITests-frameworks.sh\"\n";
			showEnvVarsInLog = 0;
		};
		A74EC691DE98D2A153A35D2C /* [CP] Check Pods Manifest.lock */ = {
			isa = PBXShellScriptBuildPhase;
			buildActionMask = 2147483647;
			files = (
			);
			inputFileListPaths = (
			);
			inputPaths = (
				"${PODS_PODFILE_DIR_PATH}/Podfile.lock",
				"${PODS_ROOT}/Manifest.lock",
			);
			name = "[CP] Check Pods Manifest.lock";
			outputFileListPaths = (
			);
			outputPaths = (
				"$(DERIVED_FILE_DIR)/Pods-SportsNews-SportsNewsUITests-checkManifestLockResult.txt",
			);
			runOnlyForDeploymentPostprocessing = 0;
			shellPath = /bin/sh;
			shellScript = "diff \"${PODS_PODFILE_DIR_PATH}/Podfile.lock\" \"${PODS_ROOT}/Manifest.lock\" > /dev/null\nif [ $? != 0 ] ; then\n    # print error to STDERR\n    echo \"error: The sandbox is not in sync with the Podfile.lock. Run 'pod install' or update your CocoaPods installation.\" >&2\n    exit 1\nfi\n# This output is used by Xcode 'outputs' to avoid re-running this script phase.\necho \"SUCCESS\" > \"${SCRIPT_OUTPUT_FILE_0}\"\n";
			showEnvVarsInLog = 0;
		};
		E35B47D839A5C8B4619695BF /* [CP] Check Pods Manifest.lock */ = {
			isa = PBXShellScriptBuildPhase;
			buildActionMask = 2147483647;
			files = (
			);
			inputFileListPaths = (
			);
			inputPaths = (
				"${PODS_PODFILE_DIR_PATH}/Podfile.lock",
				"${PODS_ROOT}/Manifest.lock",
			);
			name = "[CP] Check Pods Manifest.lock";
			outputFileListPaths = (
			);
			outputPaths = (
				"$(DERIVED_FILE_DIR)/Pods-SportsNews-checkManifestLockResult.txt",
			);
			runOnlyForDeploymentPostprocessing = 0;
			shellPath = /bin/sh;
			shellScript = "diff \"${PODS_PODFILE_DIR_PATH}/Podfile.lock\" \"${PODS_ROOT}/Manifest.lock\" > /dev/null\nif [ $? != 0 ] ; then\n    # print error to STDERR\n    echo \"error: The sandbox is not in sync with the Podfile.lock. Run 'pod install' or update your CocoaPods installation.\" >&2\n    exit 1\nfi\n# This output is used by Xcode 'outputs' to avoid re-running this script phase.\necho \"SUCCESS\" > \"${SCRIPT_OUTPUT_FILE_0}\"\n";
			showEnvVarsInLog = 0;
		};
/* End PBXShellScriptBuildPhase section */

/* Begin PBXSourcesBuildPhase section */
		8F82B0F62A182B2E00F33E97 /* Sources */ = {
			isa = PBXSourcesBuildPhase;
			buildActionMask = 2147483647;
			files = (
				8F8935D92A22B7EF00E4CD64 /* TeamCollectionViewCell.swift in Sources */,
				8F82B1352A183FDD00F33E97 /* CollectionViewController.swift in Sources */,
				8F826D5F2A1EC22100BED4F9 /* LeagueDetails.swift in Sources */,
				8F838E222A236E4C00085FCC /* NetworkingService.swift in Sources */,
				8F82B1332A183FC000F33E97 /* CollectionViewCell.swift in Sources */,
				8F838E242A23713C00085FCC /* LeagueTablePresenter.swift in Sources */,
				8F1D407A2A27AF1900FEB838 /* TeamDetailsPresenter.swift in Sources */,
				8F8439422A1E6E7300CB5C61 /* SecCollectionViewController.swift in Sources */,
				8FCEC5EC2A1AEA72009569F4 /* League.swift in Sources */,
				8F7C8BFE2A26B02500E3BF69 /* CollectionPresenter.swift in Sources */,
				8F8439402A1E5CB300CB5C61 /* TableViewCell.swift in Sources */,
				8F807E9E2A2194380021FA98 /* TeamDetailsViewController.swift in Sources */,
				8F82B1022A182B2E00F33E97 /* ViewController.swift in Sources */,
				8F82B0FE2A182B2E00F33E97 /* AppDelegate.swift in Sources */,
				8F838E302A23A1A800085FCC /* LeagueDetailsPresenter.swift in Sources */,
				8F826D612A1EC67200BED4F9 /* SecViewController.swift in Sources */,
				8F826D632A1ECA1600BED4F9 /* FristCollectionViewCell.swift in Sources */,
				8F82B1002A182B2E00F33E97 /* SceneDelegate.swift in Sources */,
				8F82B1082A182B2F00F33E97 /* SportsNews.xcdatamodeld in Sources */,
				8F853B502A20261500E0672C /* ThirdCollectionViewCell.swift in Sources */,
				8F853B4E2A1FF2F300E0672C /* SecCollectionViewCell.swift in Sources */,
				8FCEC5EA2A1AE7AC009569F4 /* LeagueTableViewController.swift in Sources */,
			);
			runOnlyForDeploymentPostprocessing = 0;
		};
		8F82B10F2A182B3300F33E97 /* Sources */ = {
			isa = PBXSourcesBuildPhase;
			buildActionMask = 2147483647;
			files = (
				8F82B1182A182B3300F33E97 /* SportsNewsTests.swift in Sources */,
			);
			runOnlyForDeploymentPostprocessing = 0;
		};
		8F82B1192A182B3300F33E97 /* Sources */ = {
			isa = PBXSourcesBuildPhase;
			buildActionMask = 2147483647;
			files = (
				8F82B1242A182B3300F33E97 /* SportsNewsUITestsLaunchTests.swift in Sources */,
				8F82B1222A182B3300F33E97 /* SportsNewsUITests.swift in Sources */,
			);
			runOnlyForDeploymentPostprocessing = 0;
		};
/* End PBXSourcesBuildPhase section */

/* Begin PBXTargetDependency section */
		8F82B1152A182B3300F33E97 /* PBXTargetDependency */ = {
			isa = PBXTargetDependency;
			target = 8F82B0F92A182B2E00F33E97 /* SportsNews */;
			targetProxy = 8F82B1142A182B3300F33E97 /* PBXContainerItemProxy */;
		};
		8F82B11F2A182B3300F33E97 /* PBXTargetDependency */ = {
			isa = PBXTargetDependency;
			target = 8F82B0F92A182B2E00F33E97 /* SportsNews */;
			targetProxy = 8F82B11E2A182B3300F33E97 /* PBXContainerItemProxy */;
		};
/* End PBXTargetDependency section */

/* Begin PBXVariantGroup section */
		8F82B1032A182B2E00F33E97 /* Main.storyboard */ = {
			isa = PBXVariantGroup;
			children = (
				8F82B1042A182B2E00F33E97 /* Base */,
			);
			name = Main.storyboard;
			sourceTree = "<group>";
		};
		8F82B10B2A182B3200F33E97 /* LaunchScreen.storyboard */ = {
			isa = PBXVariantGroup;
			children = (
				8F82B10C2A182B3200F33E97 /* Base */,
			);
			name = LaunchScreen.storyboard;
			sourceTree = "<group>";
		};
/* End PBXVariantGroup section */

/* Begin XCBuildConfiguration section */
		8F82B1252A182B3300F33E97 /* Debug */ = {
			isa = XCBuildConfiguration;
			buildSettings = {
				ALWAYS_SEARCH_USER_PATHS = NO;
				CLANG_ANALYZER_NONNULL = YES;
				CLANG_ANALYZER_NUMBER_OBJECT_CONVERSION = YES_AGGRESSIVE;
				CLANG_CXX_LANGUAGE_STANDARD = "gnu++20";
				CLANG_ENABLE_MODULES = YES;
				CLANG_ENABLE_OBJC_ARC = YES;
				CLANG_ENABLE_OBJC_WEAK = YES;
				CLANG_WARN_BLOCK_CAPTURE_AUTORELEASING = YES;
				CLANG_WARN_BOOL_CONVERSION = YES;
				CLANG_WARN_COMMA = YES;
				CLANG_WARN_CONSTANT_CONVERSION = YES;
				CLANG_WARN_DEPRECATED_OBJC_IMPLEMENTATIONS = YES;
				CLANG_WARN_DIRECT_OBJC_ISA_USAGE = YES_ERROR;
				CLANG_WARN_DOCUMENTATION_COMMENTS = YES;
				CLANG_WARN_EMPTY_BODY = YES;
				CLANG_WARN_ENUM_CONVERSION = YES;
				CLANG_WARN_INFINITE_RECURSION = YES;
				CLANG_WARN_INT_CONVERSION = YES;
				CLANG_WARN_NON_LITERAL_NULL_CONVERSION = YES;
				CLANG_WARN_OBJC_IMPLICIT_RETAIN_SELF = YES;
				CLANG_WARN_OBJC_LITERAL_CONVERSION = YES;
				CLANG_WARN_OBJC_ROOT_CLASS = YES_ERROR;
				CLANG_WARN_QUOTED_INCLUDE_IN_FRAMEWORK_HEADER = YES;
				CLANG_WARN_RANGE_LOOP_ANALYSIS = YES;
				CLANG_WARN_STRICT_PROTOTYPES = YES;
				CLANG_WARN_SUSPICIOUS_MOVE = YES;
				CLANG_WARN_UNGUARDED_AVAILABILITY = YES_AGGRESSIVE;
				CLANG_WARN_UNREACHABLE_CODE = YES;
				CLANG_WARN__DUPLICATE_METHOD_MATCH = YES;
				COPY_PHASE_STRIP = NO;
				DEBUG_INFORMATION_FORMAT = dwarf;
				ENABLE_STRICT_OBJC_MSGSEND = YES;
				ENABLE_TESTABILITY = YES;
				GCC_C_LANGUAGE_STANDARD = gnu11;
				GCC_DYNAMIC_NO_PIC = NO;
				GCC_NO_COMMON_BLOCKS = YES;
				GCC_OPTIMIZATION_LEVEL = 0;
				GCC_PREPROCESSOR_DEFINITIONS = (
					"DEBUG=1",
					"$(inherited)",
				);
				GCC_WARN_64_TO_32_BIT_CONVERSION = YES;
				GCC_WARN_ABOUT_RETURN_TYPE = YES_ERROR;
				GCC_WARN_UNDECLARED_SELECTOR = YES;
				GCC_WARN_UNINITIALIZED_AUTOS = YES_AGGRESSIVE;
				GCC_WARN_UNUSED_FUNCTION = YES;
				GCC_WARN_UNUSED_VARIABLE = YES;
				IPHONEOS_DEPLOYMENT_TARGET = 16.4;
				MTL_ENABLE_DEBUG_INFO = INCLUDE_SOURCE;
				MTL_FAST_MATH = YES;
				ONLY_ACTIVE_ARCH = YES;
				SDKROOT = iphoneos;
				SWIFT_ACTIVE_COMPILATION_CONDITIONS = DEBUG;
				SWIFT_OPTIMIZATION_LEVEL = "-Onone";
			};
			name = Debug;
		};
		8F82B1262A182B3300F33E97 /* Release */ = {
			isa = XCBuildConfiguration;
			buildSettings = {
				ALWAYS_SEARCH_USER_PATHS = NO;
				CLANG_ANALYZER_NONNULL = YES;
				CLANG_ANALYZER_NUMBER_OBJECT_CONVERSION = YES_AGGRESSIVE;
				CLANG_CXX_LANGUAGE_STANDARD = "gnu++20";
				CLANG_ENABLE_MODULES = YES;
				CLANG_ENABLE_OBJC_ARC = YES;
				CLANG_ENABLE_OBJC_WEAK = YES;
				CLANG_WARN_BLOCK_CAPTURE_AUTORELEASING = YES;
				CLANG_WARN_BOOL_CONVERSION = YES;
				CLANG_WARN_COMMA = YES;
				CLANG_WARN_CONSTANT_CONVERSION = YES;
				CLANG_WARN_DEPRECATED_OBJC_IMPLEMENTATIONS = YES;
				CLANG_WARN_DIRECT_OBJC_ISA_USAGE = YES_ERROR;
				CLANG_WARN_DOCUMENTATION_COMMENTS = YES;
				CLANG_WARN_EMPTY_BODY = YES;
				CLANG_WARN_ENUM_CONVERSION = YES;
				CLANG_WARN_INFINITE_RECURSION = YES;
				CLANG_WARN_INT_CONVERSION = YES;
				CLANG_WARN_NON_LITERAL_NULL_CONVERSION = YES;
				CLANG_WARN_OBJC_IMPLICIT_RETAIN_SELF = YES;
				CLANG_WARN_OBJC_LITERAL_CONVERSION = YES;
				CLANG_WARN_OBJC_ROOT_CLASS = YES_ERROR;
				CLANG_WARN_QUOTED_INCLUDE_IN_FRAMEWORK_HEADER = YES;
				CLANG_WARN_RANGE_LOOP_ANALYSIS = YES;
				CLANG_WARN_STRICT_PROTOTYPES = YES;
				CLANG_WARN_SUSPICIOUS_MOVE = YES;
				CLANG_WARN_UNGUARDED_AVAILABILITY = YES_AGGRESSIVE;
				CLANG_WARN_UNREACHABLE_CODE = YES;
				CLANG_WARN__DUPLICATE_METHOD_MATCH = YES;
				COPY_PHASE_STRIP = NO;
				DEBUG_INFORMATION_FORMAT = "dwarf-with-dsym";
				ENABLE_NS_ASSERTIONS = NO;
				ENABLE_STRICT_OBJC_MSGSEND = YES;
				GCC_C_LANGUAGE_STANDARD = gnu11;
				GCC_NO_COMMON_BLOCKS = YES;
				GCC_WARN_64_TO_32_BIT_CONVERSION = YES;
				GCC_WARN_ABOUT_RETURN_TYPE = YES_ERROR;
				GCC_WARN_UNDECLARED_SELECTOR = YES;
				GCC_WARN_UNINITIALIZED_AUTOS = YES_AGGRESSIVE;
				GCC_WARN_UNUSED_FUNCTION = YES;
				GCC_WARN_UNUSED_VARIABLE = YES;
				IPHONEOS_DEPLOYMENT_TARGET = 16.4;
				MTL_ENABLE_DEBUG_INFO = NO;
				MTL_FAST_MATH = YES;
				SDKROOT = iphoneos;
				SWIFT_COMPILATION_MODE = wholemodule;
				SWIFT_OPTIMIZATION_LEVEL = "-O";
				VALIDATE_PRODUCT = YES;
			};
			name = Release;
		};
		8F82B1282A182B3300F33E97 /* Debug */ = {
			isa = XCBuildConfiguration;
			baseConfigurationReference = 04F0E1A8EC05D8621B9CDBB3 /* Pods-SportsNews.debug.xcconfig */;
			buildSettings = {
				ASSETCATALOG_COMPILER_APPICON_NAME = AppIcon;
				ASSETCATALOG_COMPILER_GLOBAL_ACCENT_COLOR_NAME = AccentColor;
				CODE_SIGN_STYLE = Automatic;
				CURRENT_PROJECT_VERSION = 1;
				GENERATE_INFOPLIST_FILE = YES;
				INFOPLIST_FILE = SportsNews/Info.plist;
				INFOPLIST_KEY_UIApplicationSupportsIndirectInputEvents = YES;
				INFOPLIST_KEY_UILaunchStoryboardName = LaunchScreen;
				INFOPLIST_KEY_UIMainStoryboardFile = Main;
				INFOPLIST_KEY_UISupportedInterfaceOrientations_iPad = "UIInterfaceOrientationPortrait UIInterfaceOrientationPortraitUpsideDown UIInterfaceOrientationLandscapeLeft UIInterfaceOrientationLandscapeRight";
				INFOPLIST_KEY_UISupportedInterfaceOrientations_iPhone = "UIInterfaceOrientationPortrait UIInterfaceOrientationLandscapeLeft UIInterfaceOrientationLandscapeRight";
				LD_RUNPATH_SEARCH_PATHS = (
					"$(inherited)",
					"@executable_path/Frameworks",
				);
				MARKETING_VERSION = 1.0;
				PRODUCT_BUNDLE_IDENTIFIER = ITI.SportsNews;
				PRODUCT_NAME = "$(TARGET_NAME)";
				SWIFT_EMIT_LOC_STRINGS = YES;
				SWIFT_VERSION = 5.0;
				TARGETED_DEVICE_FAMILY = "1,2";
			};
			name = Debug;
		};
		8F82B1292A182B3300F33E97 /* Release */ = {
			isa = XCBuildConfiguration;
			baseConfigurationReference = 3F9C1B373B861AE2A2B8B4B1 /* Pods-SportsNews.release.xcconfig */;
			buildSettings = {
				ASSETCATALOG_COMPILER_APPICON_NAME = AppIcon;
				ASSETCATALOG_COMPILER_GLOBAL_ACCENT_COLOR_NAME = AccentColor;
				CODE_SIGN_STYLE = Automatic;
				CURRENT_PROJECT_VERSION = 1;
				GENERATE_INFOPLIST_FILE = YES;
				INFOPLIST_FILE = SportsNews/Info.plist;
				INFOPLIST_KEY_UIApplicationSupportsIndirectInputEvents = YES;
				INFOPLIST_KEY_UILaunchStoryboardName = LaunchScreen;
				INFOPLIST_KEY_UIMainStoryboardFile = Main;
				INFOPLIST_KEY_UISupportedInterfaceOrientations_iPad = "UIInterfaceOrientationPortrait UIInterfaceOrientationPortraitUpsideDown UIInterfaceOrientationLandscapeLeft UIInterfaceOrientationLandscapeRight";
				INFOPLIST_KEY_UISupportedInterfaceOrientations_iPhone = "UIInterfaceOrientationPortrait UIInterfaceOrientationLandscapeLeft UIInterfaceOrientationLandscapeRight";
				LD_RUNPATH_SEARCH_PATHS = (
					"$(inherited)",
					"@executable_path/Frameworks",
				);
				MARKETING_VERSION = 1.0;
				PRODUCT_BUNDLE_IDENTIFIER = ITI.SportsNews;
				PRODUCT_NAME = "$(TARGET_NAME)";
				SWIFT_EMIT_LOC_STRINGS = YES;
				SWIFT_VERSION = 5.0;
				TARGETED_DEVICE_FAMILY = "1,2";
			};
			name = Release;
		};
		8F82B12B2A182B3300F33E97 /* Debug */ = {
			isa = XCBuildConfiguration;
			baseConfigurationReference = D63B08266D59130AD90D8376 /* Pods-SportsNewsTests.debug.xcconfig */;
			buildSettings = {
				ALWAYS_EMBED_SWIFT_STANDARD_LIBRARIES = YES;
				BUNDLE_LOADER = "$(TEST_HOST)";
				CODE_SIGN_STYLE = Automatic;
				CURRENT_PROJECT_VERSION = 1;
				GENERATE_INFOPLIST_FILE = YES;
				IPHONEOS_DEPLOYMENT_TARGET = 16.4;
				MARKETING_VERSION = 1.0;
				PRODUCT_BUNDLE_IDENTIFIER = ITI.SportsNewsTests;
				PRODUCT_NAME = "$(TARGET_NAME)";
				SWIFT_EMIT_LOC_STRINGS = NO;
				SWIFT_VERSION = 5.0;
				TARGETED_DEVICE_FAMILY = "1,2";
				TEST_HOST = "$(BUILT_PRODUCTS_DIR)/SportsNews.app/$(BUNDLE_EXECUTABLE_FOLDER_PATH)/SportsNews";
			};
			name = Debug;
		};
		8F82B12C2A182B3300F33E97 /* Release */ = {
			isa = XCBuildConfiguration;
			baseConfigurationReference = 0E4F2A0950B786E56168E48E /* Pods-SportsNewsTests.release.xcconfig */;
			buildSettings = {
				ALWAYS_EMBED_SWIFT_STANDARD_LIBRARIES = YES;
				BUNDLE_LOADER = "$(TEST_HOST)";
				CODE_SIGN_STYLE = Automatic;
				CURRENT_PROJECT_VERSION = 1;
				GENERATE_INFOPLIST_FILE = YES;
				IPHONEOS_DEPLOYMENT_TARGET = 16.4;
				MARKETING_VERSION = 1.0;
				PRODUCT_BUNDLE_IDENTIFIER = ITI.SportsNewsTests;
				PRODUCT_NAME = "$(TARGET_NAME)";
				SWIFT_EMIT_LOC_STRINGS = NO;
				SWIFT_VERSION = 5.0;
				TARGETED_DEVICE_FAMILY = "1,2";
				TEST_HOST = "$(BUILT_PRODUCTS_DIR)/SportsNews.app/$(BUNDLE_EXECUTABLE_FOLDER_PATH)/SportsNews";
			};
			name = Release;
		};
		8F82B12E2A182B3300F33E97 /* Debug */ = {
			isa = XCBuildConfiguration;
			baseConfigurationReference = 2FF7EF7013F73236F38E4753 /* Pods-SportsNews-SportsNewsUITests.debug.xcconfig */;
			buildSettings = {
				ALWAYS_EMBED_SWIFT_STANDARD_LIBRARIES = YES;
				CODE_SIGN_STYLE = Automatic;
				CURRENT_PROJECT_VERSION = 1;
				GENERATE_INFOPLIST_FILE = YES;
				MARKETING_VERSION = 1.0;
				PRODUCT_BUNDLE_IDENTIFIER = ITI.SportsNewsUITests;
				PRODUCT_NAME = "$(TARGET_NAME)";
				SWIFT_EMIT_LOC_STRINGS = NO;
				SWIFT_VERSION = 5.0;
				TARGETED_DEVICE_FAMILY = "1,2";
				TEST_TARGET_NAME = SportsNews;
			};
			name = Debug;
		};
		8F82B12F2A182B3300F33E97 /* Release */ = {
			isa = XCBuildConfiguration;
			baseConfigurationReference = 6339870838EED71A9513E641 /* Pods-SportsNews-SportsNewsUITests.release.xcconfig */;
			buildSettings = {
				ALWAYS_EMBED_SWIFT_STANDARD_LIBRARIES = YES;
				CODE_SIGN_STYLE = Automatic;
				CURRENT_PROJECT_VERSION = 1;
				GENERATE_INFOPLIST_FILE = YES;
				MARKETING_VERSION = 1.0;
				PRODUCT_BUNDLE_IDENTIFIER = ITI.SportsNewsUITests;
				PRODUCT_NAME = "$(TARGET_NAME)";
				SWIFT_EMIT_LOC_STRINGS = NO;
				SWIFT_VERSION = 5.0;
				TARGETED_DEVICE_FAMILY = "1,2";
				TEST_TARGET_NAME = SportsNews;
			};
			name = Release;
		};
/* End XCBuildConfiguration section */

/* Begin XCConfigurationList section */
		8F82B0F52A182B2E00F33E97 /* Build configuration list for PBXProject "SportsNews" */ = {
			isa = XCConfigurationList;
			buildConfigurations = (
				8F82B1252A182B3300F33E97 /* Debug */,
				8F82B1262A182B3300F33E97 /* Release */,
			);
			defaultConfigurationIsVisible = 0;
			defaultConfigurationName = Release;
		};
		8F82B1272A182B3300F33E97 /* Build configuration list for PBXNativeTarget "SportsNews" */ = {
			isa = XCConfigurationList;
			buildConfigurations = (
				8F82B1282A182B3300F33E97 /* Debug */,
				8F82B1292A182B3300F33E97 /* Release */,
			);
			defaultConfigurationIsVisible = 0;
			defaultConfigurationName = Release;
		};
		8F82B12A2A182B3300F33E97 /* Build configuration list for PBXNativeTarget "SportsNewsTests" */ = {
			isa = XCConfigurationList;
			buildConfigurations = (
				8F82B12B2A182B3300F33E97 /* Debug */,
				8F82B12C2A182B3300F33E97 /* Release */,
			);
			defaultConfigurationIsVisible = 0;
			defaultConfigurationName = Release;
		};
		8F82B12D2A182B3300F33E97 /* Build configuration list for PBXNativeTarget "SportsNewsUITests" */ = {
			isa = XCConfigurationList;
			buildConfigurations = (
				8F82B12E2A182B3300F33E97 /* Debug */,
				8F82B12F2A182B3300F33E97 /* Release */,
			);
			defaultConfigurationIsVisible = 0;
			defaultConfigurationName = Release;
		};
/* End XCConfigurationList section */

/* Begin XCVersionGroup section */
		8F82B1062A182B2F00F33E97 /* SportsNews.xcdatamodeld */ = {
			isa = XCVersionGroup;
			children = (
				8F82B1072A182B2F00F33E97 /* SportsNews.xcdatamodel */,
			);
			currentVersion = 8F82B1072A182B2F00F33E97 /* SportsNews.xcdatamodel */;
			path = SportsNews.xcdatamodeld;
			sourceTree = "<group>";
			versionGroupType = wrapper.xcdatamodel;
		};
/* End XCVersionGroup section */
	};
	rootObject = 8F82B0F22A182B2E00F33E97 /* Project object */;
}
